# This file is generated by running "yarn install" inside your project.
# Manual changes might be lost - proceed with caution!

__metadata:
  version: 8
  cacheKey: 10

"@cspotcode/source-map-support@npm:^0.8.0":
  version: 0.8.1
  resolution: "@cspotcode/source-map-support@npm:0.8.1"
  dependencies:
    "@jridgewell/trace-mapping": "npm:0.3.9"
  checksum: 10/b6e38a1712fab242c86a241c229cf562195aad985d0564bd352ac404be583029e89e93028ffd2c251d2c407ecac5fb0cbdca94a2d5c10f29ac806ede0508b3ff
  languageName: node
  linkType: hard

"@freeword/all-byword@workspace:*, @freeword/all-byword@workspace:repos/freeword-all-byword":
  version: 0.0.0-use.local
  resolution: "@freeword/all-byword@workspace:repos/freeword-all-byword"
  dependencies:
    "@types/chai": "npm:^5.2.2"
    "@types/mocha": "npm:^10.0.10"
    "@types/node": "npm:^24.0.14"
    chai: "npm:^5.2.1"
    mocha: "npm:^11.7.1"
    ts-node: "npm:^10.9.2"
    typescript: "npm:^5.8.3"
  languageName: unknown
  linkType: soft

"@freeword/meta@workspace:*, @freeword/meta@workspace:repos/freeword-meta":
  version: 0.0.0-use.local
  resolution: "@freeword/meta@workspace:repos/freeword-meta"
  dependencies:
    "@types/chai": "npm:^5.2.2"
    "@types/mocha": "npm:^10.0.10"
    "@types/node": "npm:^24.0.14"
    chai: "npm:^5.2.1"
    mocha: "npm:^11.7.1"
    ts-node: "npm:^10.9.2"
    typescript: "npm:^5.8.3"
  languageName: unknown
  linkType: soft

"@isaacs/cliui@npm:^8.0.2":
  version: 8.0.2
  resolution: "@isaacs/cliui@npm:8.0.2"
  dependencies:
    string-width: "npm:^5.1.2"
    string-width-cjs: "npm:string-width@^4.2.0"
    strip-ansi: "npm:^7.0.1"
    strip-ansi-cjs: "npm:strip-ansi@^6.0.1"
    wrap-ansi: "npm:^8.1.0"
    wrap-ansi-cjs: "npm:wrap-ansi@^7.0.0"
  checksum: 10/e9ed5fd27c3aec1095e3a16e0c0cf148d1fee55a38665c35f7b3f86a9b5d00d042ddaabc98e8a1cb7463b9378c15f22a94eb35e99469c201453eb8375191f243
  languageName: node
  linkType: hard

"@jridgewell/resolve-uri@npm:^3.0.3":
  version: 3.1.2
  resolution: "@jridgewell/resolve-uri@npm:3.1.2"
  checksum: 10/97106439d750a409c22c8bff822d648f6a71f3aa9bc8e5129efdc36343cd3096ddc4eeb1c62d2fe48e9bdd4db37b05d4646a17114ecebd3bbcacfa2de51c3c1d
  languageName: node
  linkType: hard

"@jridgewell/sourcemap-codec@npm:^1.4.10":
  version: 1.5.4
  resolution: "@jridgewell/sourcemap-codec@npm:1.5.4"
  checksum: 10/f677787f52224c6c971a7a41b7a074243240a6917fa75eceb9f7a442866f374fb0522b505e0496ee10a650c5936727e76d11bf36a6d0ae9e6c3b726c9e284cc7
  languageName: node
  linkType: hard

"@jridgewell/trace-mapping@npm:0.3.9":
  version: 0.3.9
  resolution: "@jridgewell/trace-mapping@npm:0.3.9"
  dependencies:
    "@jridgewell/resolve-uri": "npm:^3.0.3"
    "@jridgewell/sourcemap-codec": "npm:^1.4.10"
  checksum: 10/83deafb8e7a5ca98993c2c6eeaa93c270f6f647a4c0dc00deb38c9cf9b2d3b7bf15e8839540155247ef034a052c0ec4466f980bf0c9e2ab63b97d16c0cedd3ff
  languageName: node
  linkType: hard

"@pkgjs/parseargs@npm:^0.11.0":
  version: 0.11.0
  resolution: "@pkgjs/parseargs@npm:0.11.0"
  checksum: 10/115e8ceeec6bc69dff2048b35c0ab4f8bbee12d8bb6c1f4af758604586d802b6e669dcb02dda61d078de42c2b4ddce41b3d9e726d7daa6b4b850f4adbf7333ff
  languageName: node
  linkType: hard

"@tsconfig/node10@npm:^1.0.7":
  version: 1.0.11
  resolution: "@tsconfig/node10@npm:1.0.11"
  checksum: 10/51fe47d55fe1b80ec35e6e5ed30a13665fd3a531945350aa74a14a1e82875fb60b350c2f2a5e72a64831b1b6bc02acb6760c30b3738b54954ec2dea82db7a267
  languageName: node
  linkType: hard

"@tsconfig/node12@npm:^1.0.7":
  version: 1.0.11
  resolution: "@tsconfig/node12@npm:1.0.11"
  checksum: 10/5ce29a41b13e7897a58b8e2df11269c5395999e588b9a467386f99d1d26f6c77d1af2719e407621412520ea30517d718d5192a32403b8dfcc163bf33e40a338a
  languageName: node
  linkType: hard

"@tsconfig/node14@npm:^1.0.0":
  version: 1.0.3
  resolution: "@tsconfig/node14@npm:1.0.3"
  checksum: 10/19275fe80c4c8d0ad0abed6a96dbf00642e88b220b090418609c4376e1cef81bf16237bf170ad1b341452feddb8115d8dd2e5acdfdea1b27422071163dc9ba9d
  languageName: node
  linkType: hard

"@tsconfig/node16@npm:^1.0.2":
  version: 1.0.4
  resolution: "@tsconfig/node16@npm:1.0.4"
  checksum: 10/202319785901f942a6e1e476b872d421baec20cf09f4b266a1854060efbf78cde16a4d256e8bc949d31e6cd9a90f1e8ef8fb06af96a65e98338a2b6b0de0a0ff
  languageName: node
  linkType: hard

"@types/chai@npm:^5.2.2":
  version: 5.2.2
  resolution: "@types/chai@npm:5.2.2"
  dependencies:
    "@types/deep-eql": "npm:*"
  checksum: 10/de425e7b02cc1233a93923866e019dffbafa892774813940b780ebb1ac9f8a8c57b7438c78686bf4e5db05cd3fc8a970fedf6b83638543995ecca88ef2060668
  languageName: node
  linkType: hard

"@types/deep-eql@npm:*":
  version: 4.0.2
  resolution: "@types/deep-eql@npm:4.0.2"
  checksum: 10/249a27b0bb22f6aa28461db56afa21ec044fa0e303221a62dff81831b20c8530502175f1a49060f7099e7be06181078548ac47c668de79ff9880241968d43d0c
  languageName: node
  linkType: hard

"@types/mocha@npm:^10.0.10":
  version: 10.0.10
  resolution: "@types/mocha@npm:10.0.10"
  checksum: 10/4e3b61ed5112add86891a5dd3ebdd087714f5e1784a63d47a96424c0825058fd07074e85e43573462f751636c92808fc18a5f3862fe45e649ea98fdc5a3ee2ea
  languageName: node
  linkType: hard

"@types/node@npm:^24.0.14":
  version: 24.0.14
  resolution: "@types/node@npm:24.0.14"
  dependencies:
    undici-types: "npm:~7.8.0"
  checksum: 10/60e546f905734ab37f02f5c30eeb98e350c97837c96e2191972fba0638aa0d414489fad989245a9f106b0a0405410e56fab769fdcfb6504341fc2286d9e1f496
  languageName: node
  linkType: hard

"acorn-walk@npm:^8.1.1":
  version: 8.3.4
  resolution: "acorn-walk@npm:8.3.4"
  dependencies:
    acorn: "npm:^8.11.0"
  checksum: 10/871386764e1451c637bb8ab9f76f4995d408057e9909be6fb5ad68537ae3375d85e6a6f170b98989f44ab3ff6c74ad120bc2779a3d577606e7a0cd2b4efcaf77
  languageName: node
  linkType: hard

"acorn@npm:^8.11.0, acorn@npm:^8.4.1":
  version: 8.15.0
  resolution: "acorn@npm:8.15.0"
  bin:
    acorn: bin/acorn
  checksum: 10/77f2de5051a631cf1729c090e5759148459cdb76b5f5c70f890503d629cf5052357b0ce783c0f976dd8a93c5150f59f6d18df1def3f502396a20f81282482fa4
  languageName: node
  linkType: hard

"ansi-regex@npm:^5.0.1":
  version: 5.0.1
  resolution: "ansi-regex@npm:5.0.1"
  checksum: 10/2aa4bb54caf2d622f1afdad09441695af2a83aa3fe8b8afa581d205e57ed4261c183c4d3877cee25794443fde5876417d859c108078ab788d6af7e4fe52eb66b
  languageName: node
  linkType: hard

"ansi-regex@npm:^6.0.1":
  version: 6.1.0
  resolution: "ansi-regex@npm:6.1.0"
  checksum: 10/495834a53b0856c02acd40446f7130cb0f8284f4a39afdab20d5dc42b2e198b1196119fe887beed8f9055c4ff2055e3b2f6d4641d0be018cdfb64fedf6fc1aac
  languageName: node
  linkType: hard

"ansi-styles@npm:^4.0.0, ansi-styles@npm:^4.1.0":
  version: 4.3.0
  resolution: "ansi-styles@npm:4.3.0"
  dependencies:
    color-convert: "npm:^2.0.1"
  checksum: 10/b4494dfbfc7e4591b4711a396bd27e540f8153914123dccb4cdbbcb514015ada63a3809f362b9d8d4f6b17a706f1d7bea3c6f974b15fa5ae76b5b502070889ff
  languageName: node
  linkType: hard

"ansi-styles@npm:^6.1.0":
  version: 6.2.1
  resolution: "ansi-styles@npm:6.2.1"
  checksum: 10/70fdf883b704d17a5dfc9cde206e698c16bcd74e7f196ab821511651aee4f9f76c9514bdfa6ca3a27b5e49138b89cb222a28caf3afe4567570139577f991df32
  languageName: node
  linkType: hard

"arg@npm:^4.1.0":
  version: 4.1.3
  resolution: "arg@npm:4.1.3"
  checksum: 10/969b491082f20cad166649fa4d2073ea9e974a4e5ac36247ca23d2e5a8b3cb12d60e9ff70a8acfe26d76566c71fd351ee5e6a9a6595157eb36f92b1fd64e1599
  languageName: node
  linkType: hard

"argparse@npm:^2.0.1":
  version: 2.0.1
  resolution: "argparse@npm:2.0.1"
  checksum: 10/18640244e641a417ec75a9bd38b0b2b6b95af5199aa241b131d4b2fb206f334d7ecc600bd194861610a5579084978bfcbb02baa399dbe442d56d0ae5e60dbaef
  languageName: node
  linkType: hard

"assertion-error@npm:^2.0.1":
  version: 2.0.1
  resolution: "assertion-error@npm:2.0.1"
  checksum: 10/a0789dd882211b87116e81e2648ccb7f60340b34f19877dd020b39ebb4714e475eb943e14ba3e22201c221ef6645b7bfe10297e76b6ac95b48a9898c1211ce66
  languageName: node
  linkType: hard

"balanced-match@npm:^1.0.0":
  version: 1.0.2
  resolution: "balanced-match@npm:1.0.2"
  checksum: 10/9706c088a283058a8a99e0bf91b0a2f75497f185980d9ffa8b304de1d9e58ebda7c72c07ebf01dadedaac5b2907b2c6f566f660d62bd336c3468e960403b9d65
  languageName: node
  linkType: hard

"brace-expansion@npm:^2.0.1":
  version: 2.0.2
  resolution: "brace-expansion@npm:2.0.2"
  dependencies:
    balanced-match: "npm:^1.0.0"
  checksum: 10/01dff195e3646bc4b0d27b63d9bab84d2ebc06121ff5013ad6e5356daa5a9d6b60fa26cf73c74797f2dc3fbec112af13578d51f75228c1112b26c790a87b0488
  languageName: node
  linkType: hard

"browser-stdout@npm:^1.3.1":
  version: 1.3.1
  resolution: "browser-stdout@npm:1.3.1"
  checksum: 10/ac70a84e346bb7afc5045ec6f22f6a681b15a4057447d4cc1c48a25c6dedb302a49a46dd4ddfb5cdd9c96e0c905a8539be1b98ae7bc440512152967009ec7015
  languageName: node
  linkType: hard

"camelcase@npm:^6.0.0":
  version: 6.3.0
  resolution: "camelcase@npm:6.3.0"
  checksum: 10/8c96818a9076434998511251dcb2761a94817ea17dbdc37f47ac080bd088fc62c7369429a19e2178b993497132c8cbcf5cc1f44ba963e76782ba469c0474938d
  languageName: node
  linkType: hard

"chai@npm:^5.2.1":
  version: 5.2.1
  resolution: "chai@npm:5.2.1"
  dependencies:
    assertion-error: "npm:^2.0.1"
    check-error: "npm:^2.1.1"
    deep-eql: "npm:^5.0.1"
    loupe: "npm:^3.1.0"
    pathval: "npm:^2.0.0"
  checksum: 10/2d9b14c9bbb9b791641ecee0d74a53f34d2c86f05c10b5567041ed376177f87af9dc7f5398207fd2711affbfeb9f0f1f60e11bcaf021f78ef37b7c65a6d94e7d
  languageName: node
  linkType: hard

"chalk@npm:^4.1.0":
  version: 4.1.2
  resolution: "chalk@npm:4.1.2"
  dependencies:
    ansi-styles: "npm:^4.1.0"
    supports-color: "npm:^7.1.0"
  checksum: 10/cb3f3e594913d63b1814d7ca7c9bafbf895f75fbf93b92991980610dfd7b48500af4e3a5d4e3a8f337990a96b168d7eb84ee55efdce965e2ee8efc20f8c8f139
  languageName: node
  linkType: hard

"check-error@npm:^2.1.1":
  version: 2.1.1
  resolution: "check-error@npm:2.1.1"
  checksum: 10/d785ed17b1d4a4796b6e75c765a9a290098cf52ff9728ce0756e8ffd4293d2e419dd30c67200aee34202463b474306913f2fcfaf1890641026d9fc6966fea27a
  languageName: node
  linkType: hard

"chokidar@npm:^4.0.1":
  version: 4.0.3
  resolution: "chokidar@npm:4.0.3"
  dependencies:
    readdirp: "npm:^4.0.1"
  checksum: 10/bf2a575ea5596000e88f5db95461a9d59ad2047e939d5a4aac59dd472d126be8f1c1ff3c7654b477cf532d18f42a97279ef80ee847972fd2a25410bf00b80b59
  languageName: node
  linkType: hard

"cliui@npm:^8.0.1":
  version: 8.0.1
  resolution: "cliui@npm:8.0.1"
  dependencies:
    string-width: "npm:^4.2.0"
    strip-ansi: "npm:^6.0.1"
    wrap-ansi: "npm:^7.0.0"
  checksum: 10/eaa5561aeb3135c2cddf7a3b3f562fc4238ff3b3fc666869ef2adf264be0f372136702f16add9299087fb1907c2e4ec5dbfe83bd24bce815c70a80c6c1a2e950
  languageName: node
  linkType: hard

"color-convert@npm:^2.0.1":
  version: 2.0.1
  resolution: "color-convert@npm:2.0.1"
  dependencies:
    color-name: "npm:~1.1.4"
  checksum: 10/fa00c91b4332b294de06b443923246bccebe9fab1b253f7fe1772d37b06a2269b4039a85e309abe1fe11b267b11c08d1d0473fda3badd6167f57313af2887a64
  languageName: node
  linkType: hard

"color-name@npm:~1.1.4":
  version: 1.1.4
  resolution: "color-name@npm:1.1.4"
  checksum: 10/b0445859521eb4021cd0fb0cc1a75cecf67fceecae89b63f62b201cca8d345baf8b952c966862a9d9a2632987d4f6581f0ec8d957dfacece86f0a7919316f610
  languageName: node
  linkType: hard

"create-require@npm:^1.1.0":
  version: 1.1.1
  resolution: "create-require@npm:1.1.1"
  checksum: 10/a9a1503d4390d8b59ad86f4607de7870b39cad43d929813599a23714831e81c520bddf61bcdd1f8e30f05fd3a2b71ae8538e946eb2786dc65c2bbc520f692eff
  languageName: node
  linkType: hard

"cross-spawn@npm:^7.0.6":
  version: 7.0.6
  resolution: "cross-spawn@npm:7.0.6"
  dependencies:
    path-key: "npm:^3.1.0"
    shebang-command: "npm:^2.0.0"
    which: "npm:^2.0.1"
  checksum: 10/0d52657d7ae36eb130999dffff1168ec348687b48dd38e2ff59992ed916c88d328cf1d07ff4a4a10bc78de5e1c23f04b306d569e42f7a2293915c081e4dfee86
  languageName: node
  linkType: hard

"debug@npm:^4.3.5":
  version: 4.4.1
  resolution: "debug@npm:4.4.1"
  dependencies:
    ms: "npm:^2.1.3"
  peerDependenciesMeta:
    supports-color:
      optional: true
  checksum: 10/8e2709b2144f03c7950f8804d01ccb3786373df01e406a0f66928e47001cf2d336cbed9ee137261d4f90d68d8679468c755e3548ed83ddacdc82b194d2468afe
  languageName: node
  linkType: hard

"decamelize@npm:^4.0.0":
  version: 4.0.0
  resolution: "decamelize@npm:4.0.0"
  checksum: 10/b7d09b82652c39eead4d6678bb578e3bebd848add894b76d0f6b395bc45b2d692fb88d977e7cfb93c4ed6c119b05a1347cef261174916c2e75c0a8ca57da1809
  languageName: node
  linkType: hard

"deep-eql@npm:^5.0.1":
  version: 5.0.2
  resolution: "deep-eql@npm:5.0.2"
  checksum: 10/a529b81e2ef8821621d20a36959a0328873a3e49d393ad11f8efe8559f31239494c2eb889b80342808674c475802ba95b9d6c4c27641b9a029405104c1b59fcf
  languageName: node
  linkType: hard

"diff@npm:^4.0.1":
  version: 4.0.2
  resolution: "diff@npm:4.0.2"
  checksum: 10/ec09ec2101934ca5966355a229d77afcad5911c92e2a77413efda5455636c4cf2ce84057e2d7715227a2eeeda04255b849bd3ae3a4dd22eb22e86e76456df069
  languageName: node
  linkType: hard

"diff@npm:^7.0.0":
  version: 7.0.0
  resolution: "diff@npm:7.0.0"
  checksum: 10/e9b8e48d054c9c0c093c65ce8e2637af94b35f2427001607b14e5e0589e534ea3413a7f91ebe6d7c5a1494ace49cb7c7c3972f442ddd96a4767ff091999a082e
  languageName: node
  linkType: hard

"eastasianwidth@npm:^0.2.0":
  version: 0.2.0
  resolution: "eastasianwidth@npm:0.2.0"
  checksum: 10/9b1d3e1baefeaf7d70799db8774149cef33b97183a6addceeba0cf6b85ba23ee2686f302f14482006df32df75d32b17c509c143a3689627929e4a8efaf483952
  languageName: node
  linkType: hard

"emoji-regex@npm:^8.0.0":
  version: 8.0.0
  resolution: "emoji-regex@npm:8.0.0"
  checksum: 10/c72d67a6821be15ec11997877c437491c313d924306b8da5d87d2a2bcc2cec9903cb5b04ee1a088460501d8e5b44f10df82fdc93c444101a7610b80c8b6938e1
  languageName: node
  linkType: hard

"emoji-regex@npm:^9.2.2":
  version: 9.2.2
  resolution: "emoji-regex@npm:9.2.2"
  checksum: 10/915acf859cea7131dac1b2b5c9c8e35c4849e325a1d114c30adb8cd615970f6dca0e27f64f3a4949d7d6ed86ecd79a1c5c63f02e697513cddd7b5835c90948b8
  languageName: node
  linkType: hard

"escalade@npm:^3.1.1":
  version: 3.2.0
  resolution: "escalade@npm:3.2.0"
  checksum: 10/9d7169e3965b2f9ae46971afa392f6e5a25545ea30f2e2dd99c9b0a95a3f52b5653681a84f5b2911a413ddad2d7a93d3514165072f349b5ffc59c75a899970d6
  languageName: node
  linkType: hard

"escape-string-regexp@npm:^4.0.0":
  version: 4.0.0
  resolution: "escape-string-regexp@npm:4.0.0"
  checksum: 10/98b48897d93060f2322108bf29db0feba7dd774be96cd069458d1453347b25ce8682ecc39859d4bca2203cc0ab19c237bcc71755eff49a0f8d90beadeeba5cc5
  languageName: node
  linkType: hard

"find-up@npm:^5.0.0":
  version: 5.0.0
  resolution: "find-up@npm:5.0.0"
  dependencies:
    locate-path: "npm:^6.0.0"
    path-exists: "npm:^4.0.0"
  checksum: 10/07955e357348f34660bde7920783204ff5a26ac2cafcaa28bace494027158a97b9f56faaf2d89a6106211a8174db650dd9f503f9c0d526b1202d5554a00b9095
  languageName: node
  linkType: hard

"flat@npm:^5.0.2":
  version: 5.0.2
  resolution: "flat@npm:5.0.2"
  bin:
    flat: cli.js
  checksum: 10/72479e651c15eab53e25ce04c31bab18cfaac0556505cac19221dbbe85bbb9686bc76e4d397e89e5bf516ce667dcf818f8b07e585568edba55abc2bf1f698fb5
  languageName: node
  linkType: hard

"foreground-child@npm:^3.1.0":
  version: 3.3.1
  resolution: "foreground-child@npm:3.3.1"
  dependencies:
    cross-spawn: "npm:^7.0.6"
    signal-exit: "npm:^4.0.1"
  checksum: 10/427b33f997a98073c0424e5c07169264a62cda806d8d2ded159b5b903fdfc8f0a1457e06b5fc35506497acb3f1e353f025edee796300209ac6231e80edece835
  languageName: node
  linkType: hard

"get-caller-file@npm:^2.0.5":
  version: 2.0.5
  resolution: "get-caller-file@npm:2.0.5"
  checksum: 10/b9769a836d2a98c3ee734a88ba712e62703f1df31b94b784762c433c27a386dd6029ff55c2a920c392e33657d80191edbf18c61487e198844844516f843496b9
  languageName: node
  linkType: hard

"glob@npm:^10.4.5":
  version: 10.4.5
  resolution: "glob@npm:10.4.5"
  dependencies:
    foreground-child: "npm:^3.1.0"
    jackspeak: "npm:^3.1.2"
    minimatch: "npm:^9.0.4"
    minipass: "npm:^7.1.2"
    package-json-from-dist: "npm:^1.0.0"
    path-scurry: "npm:^1.11.1"
  bin:
    glob: dist/esm/bin.mjs
  checksum: 10/698dfe11828b7efd0514cd11e573eaed26b2dff611f0400907281ce3eab0c1e56143ef9b35adc7c77ecc71fba74717b510c7c223d34ca8a98ec81777b293d4ac
  languageName: node
  linkType: hard

"has-flag@npm:^4.0.0":
  version: 4.0.0
  resolution: "has-flag@npm:4.0.0"
  checksum: 10/261a1357037ead75e338156b1f9452c016a37dcd3283a972a30d9e4a87441ba372c8b81f818cd0fbcd9c0354b4ae7e18b9e1afa1971164aef6d18c2b6095a8ad
  languageName: node
  linkType: hard

"he@npm:^1.2.0":
  version: 1.2.0
  resolution: "he@npm:1.2.0"
  bin:
    he: bin/he
  checksum: 10/d09b2243da4e23f53336e8de3093e5c43d2c39f8d0d18817abfa32ce3e9355391b2edb4bb5edc376aea5d4b0b59d6a0482aab4c52bc02ef95751e4b818e847f1
  languageName: node
  linkType: hard

"internals@workspace:.":
  version: 0.0.0-use.local
  resolution: "internals@workspace:."
  dependencies:
    "@freeword/all-byword": "workspace:*"
    "@freeword/meta": "workspace:*"
    "@types/chai": "npm:^5.2.2"
    "@types/mocha": "npm:^10.0.10"
    "@types/node": "npm:^24.0.14"
    chai: "npm:^5.2.1"
    mocha: "npm:^11.7.1"
    ts-node: "npm:^10.9.2"
    typescript: "npm:^5.8.3"
  languageName: unknown
  linkType: soft

"is-fullwidth-code-point@npm:^3.0.0":
  version: 3.0.0
  resolution: "is-fullwidth-code-point@npm:3.0.0"
  checksum: 10/44a30c29457c7fb8f00297bce733f0a64cd22eca270f83e58c105e0d015e45c019491a4ab2faef91ab51d4738c670daff901c799f6a700e27f7314029e99e348
  languageName: node
  linkType: hard

"is-plain-obj@npm:^2.1.0":
  version: 2.1.0
  resolution: "is-plain-obj@npm:2.1.0"
  checksum: 10/cec9100678b0a9fe0248a81743041ed990c2d4c99f893d935545cfbc42876cbe86d207f3b895700c690ad2fa520e568c44afc1605044b535a7820c1d40e38daa
  languageName: node
  linkType: hard

"is-unicode-supported@npm:^0.1.0":
  version: 0.1.0
  resolution: "is-unicode-supported@npm:0.1.0"
  checksum: 10/a2aab86ee7712f5c2f999180daaba5f361bdad1efadc9610ff5b8ab5495b86e4f627839d085c6530363c6d6d4ecbde340fb8e54bdb83da4ba8e0865ed5513c52
  languageName: node
  linkType: hard

"isexe@npm:^2.0.0":
  version: 2.0.0
  resolution: "isexe@npm:2.0.0"
  checksum: 10/7c9f715c03aff08f35e98b1fadae1b9267b38f0615d501824f9743f3aab99ef10e303ce7db3f186763a0b70a19de5791ebfc854ff884d5a8c4d92211f642ec92
  languageName: node
  linkType: hard

"jackspeak@npm:^3.1.2":
  version: 3.4.3
  resolution: "jackspeak@npm:3.4.3"
  dependencies:
    "@isaacs/cliui": "npm:^8.0.2"
    "@pkgjs/parseargs": "npm:^0.11.0"
  dependenciesMeta:
    "@pkgjs/parseargs":
      optional: true
  checksum: 10/96f8786eaab98e4bf5b2a5d6d9588ea46c4d06bbc4f2eb861fdd7b6b182b16f71d8a70e79820f335d52653b16d4843b29dd9cdcf38ae80406756db9199497cf3
  languageName: node
  linkType: hard

"js-yaml@npm:^4.1.0":
  version: 4.1.0
  resolution: "js-yaml@npm:4.1.0"
  dependencies:
    argparse: "npm:^2.0.1"
  bin:
    js-yaml: bin/js-yaml.js
  checksum: 10/c138a34a3fd0d08ebaf71273ad4465569a483b8a639e0b118ff65698d257c2791d3199e3f303631f2cb98213fa7b5f5d6a4621fd0fff819421b990d30d967140
  languageName: node
  linkType: hard

"locate-path@npm:^6.0.0":
  version: 6.0.0
  resolution: "locate-path@npm:6.0.0"
  dependencies:
    p-locate: "npm:^5.0.0"
  checksum: 10/72eb661788a0368c099a184c59d2fee760b3831c9c1c33955e8a19ae4a21b4116e53fa736dc086cdeb9fce9f7cc508f2f92d2d3aae516f133e16a2bb59a39f5a
  languageName: node
  linkType: hard

"log-symbols@npm:^4.1.0":
  version: 4.1.0
  resolution: "log-symbols@npm:4.1.0"
  dependencies:
    chalk: "npm:^4.1.0"
    is-unicode-supported: "npm:^0.1.0"
  checksum: 10/fce1497b3135a0198803f9f07464165e9eb83ed02ceb2273930a6f8a508951178d8cf4f0378e9d28300a2ed2bc49050995d2bd5f53ab716bb15ac84d58c6ef74
  languageName: node
  linkType: hard

"loupe@npm:^3.1.0":
  version: 3.1.4
  resolution: "loupe@npm:3.1.4"
  checksum: 10/06ab1893731f167f2ce71f464a8a68372dc4cb807ecae20f9b844660c93813a298ca76bcd747ba6568b057af725ea63f0034ba3140c8f1d1fbb482d797e593ef
  languageName: node
  linkType: hard

"lru-cache@npm:^10.2.0":
  version: 10.4.3
  resolution: "lru-cache@npm:10.4.3"
  checksum: 10/e6e90267360476720fa8e83cc168aa2bf0311f3f2eea20a6ba78b90a885ae72071d9db132f40fda4129c803e7dcec3a6b6a6fbb44ca90b081630b810b5d6a41a
  languageName: node
  linkType: hard

"make-error@npm:^1.1.1":
  version: 1.3.6
  resolution: "make-error@npm:1.3.6"
  checksum: 10/b86e5e0e25f7f777b77fabd8e2cbf15737972869d852a22b7e73c17623928fccb826d8e46b9951501d3f20e51ad74ba8c59ed584f610526a48f8ccf88aaec402
  languageName: node
  linkType: hard

"minimatch@npm:^9.0.4, minimatch@npm:^9.0.5":
  version: 9.0.5
  resolution: "minimatch@npm:9.0.5"
  dependencies:
    brace-expansion: "npm:^2.0.1"
  checksum: 10/dd6a8927b063aca6d910b119e1f2df6d2ce7d36eab91de83167dd136bb85e1ebff97b0d3de1cb08bd1f7e018ca170b4962479fefab5b2a69e2ae12cb2edc8348
  languageName: node
  linkType: hard

"minipass@npm:^5.0.0 || ^6.0.2 || ^7.0.0, minipass@npm:^7.1.2":
  version: 7.1.2
  resolution: "minipass@npm:7.1.2"
  checksum: 10/c25f0ee8196d8e6036661104bacd743785b2599a21de5c516b32b3fa2b83113ac89a2358465bc04956baab37ffb956ae43be679b2262bf7be15fce467ccd7950
  languageName: node
  linkType: hard

"mocha@npm:^11.7.1":
  version: 11.7.1
  resolution: "mocha@npm:11.7.1"
  dependencies:
    browser-stdout: "npm:^1.3.1"
    chokidar: "npm:^4.0.1"
    debug: "npm:^4.3.5"
    diff: "npm:^7.0.0"
    escape-string-regexp: "npm:^4.0.0"
    find-up: "npm:^5.0.0"
    glob: "npm:^10.4.5"
    he: "npm:^1.2.0"
    js-yaml: "npm:^4.1.0"
    log-symbols: "npm:^4.1.0"
    minimatch: "npm:^9.0.5"
    ms: "npm:^2.1.3"
    picocolors: "npm:^1.1.1"
    serialize-javascript: "npm:^6.0.2"
    strip-json-comments: "npm:^3.1.1"
    supports-color: "npm:^8.1.1"
    workerpool: "npm:^9.2.0"
    yargs: "npm:^17.7.2"
    yargs-parser: "npm:^21.1.1"
    yargs-unparser: "npm:^2.0.0"
  bin:
    _mocha: bin/_mocha
    mocha: bin/mocha.js
  checksum: 10/2b376eb178c4af99a9e2562b01ef7f509be6273146c29edd15f1281fcd85ee2096c2f8404210d8f9c6a522eba81396b3fe5b27b987adf2b3d57e2dce9ef7520b
  languageName: node
  linkType: hard

"ms@npm:^2.1.3":
  version: 2.1.3
  resolution: "ms@npm:2.1.3"
  checksum: 10/aa92de608021b242401676e35cfa5aa42dd70cbdc082b916da7fb925c542173e36bce97ea3e804923fe92c0ad991434e4a38327e15a1b5b5f945d66df615ae6d
  languageName: node
  linkType: hard

"p-limit@npm:^3.0.2":
  version: 3.1.0
  resolution: "p-limit@npm:3.1.0"
  dependencies:
    yocto-queue: "npm:^0.1.0"
  checksum: 10/7c3690c4dbf62ef625671e20b7bdf1cbc9534e83352a2780f165b0d3ceba21907e77ad63401708145ca4e25bfc51636588d89a8c0aeb715e6c37d1c066430360
  languageName: node
  linkType: hard

"p-locate@npm:^5.0.0":
  version: 5.0.0
  resolution: "p-locate@npm:5.0.0"
  dependencies:
    p-limit: "npm:^3.0.2"
  checksum: 10/1623088f36cf1cbca58e9b61c4e62bf0c60a07af5ae1ca99a720837356b5b6c5ba3eb1b2127e47a06865fee59dd0453cad7cc844cda9d5a62ac1a5a51b7c86d3
  languageName: node
  linkType: hard

"package-json-from-dist@npm:^1.0.0":
  version: 1.0.1
  resolution: "package-json-from-dist@npm:1.0.1"
  checksum: 10/58ee9538f2f762988433da00e26acc788036914d57c71c246bf0be1b60cdbd77dd60b6a3e1a30465f0b248aeb80079e0b34cb6050b1dfa18c06953bb1cbc7602
  languageName: node
  linkType: hard

"path-exists@npm:^4.0.0":
  version: 4.0.0
  resolution: "path-exists@npm:4.0.0"
  checksum: 10/505807199dfb7c50737b057dd8d351b82c033029ab94cb10a657609e00c1bc53b951cfdbccab8de04c5584d5eff31128ce6afd3db79281874a5ef2adbba55ed1
  languageName: node
  linkType: hard

"path-key@npm:^3.1.0":
  version: 3.1.1
  resolution: "path-key@npm:3.1.1"
  checksum: 10/55cd7a9dd4b343412a8386a743f9c746ef196e57c823d90ca3ab917f90ab9f13dd0ded27252ba49dbdfcab2b091d998bc446f6220cd3cea65db407502a740020
  languageName: node
  linkType: hard

"path-scurry@npm:^1.11.1":
  version: 1.11.1
  resolution: "path-scurry@npm:1.11.1"
  dependencies:
    lru-cache: "npm:^10.2.0"
    minipass: "npm:^5.0.0 || ^6.0.2 || ^7.0.0"
  checksum: 10/5e8845c159261adda6f09814d7725683257fcc85a18f329880ab4d7cc1d12830967eae5d5894e453f341710d5484b8fdbbd4d75181b4d6e1eb2f4dc7aeadc434
  languageName: node
  linkType: hard

"pathval@npm:^2.0.0":
  version: 2.0.1
  resolution: "pathval@npm:2.0.1"
  checksum: 10/f5e8b82f6b988a5bba197970af050268fd800780d0f9ee026e6f0b544ac4b17ab52bebeabccb790d63a794530a1641ae399ad07ecfc67ad337504c85dc9e5693
  languageName: node
  linkType: hard

"picocolors@npm:^1.1.1":
  version: 1.1.1
  resolution: "picocolors@npm:1.1.1"
  checksum: 10/e1cf46bf84886c79055fdfa9dcb3e4711ad259949e3565154b004b260cd356c5d54b31a1437ce9782624bf766272fe6b0154f5f0c744fb7af5d454d2b60db045
  languageName: node
  linkType: hard

"randombytes@npm:^2.1.0":
  version: 2.1.0
  resolution: "randombytes@npm:2.1.0"
  dependencies:
    safe-buffer: "npm:^5.1.0"
  checksum: 10/4efd1ad3d88db77c2d16588dc54c2b52fd2461e70fe5724611f38d283857094fe09040fa2c9776366803c3152cf133171b452ef717592b65631ce5dc3a2bdafc
  languageName: node
  linkType: hard

"readdirp@npm:^4.0.1":
  version: 4.1.2
  resolution: "readdirp@npm:4.1.2"
  checksum: 10/7b817c265940dba90bb9c94d82920d76c3a35ea2d67f9f9d8bd936adcfe02d50c802b14be3dd2e725e002dddbe2cc1c7a0edfb1bc3a365c9dfd5a61e612eea1e
  languageName: node
  linkType: hard

"require-directory@npm:^2.1.1":
  version: 2.1.1
  resolution: "require-directory@npm:2.1.1"
  checksum: 10/a72468e2589270d91f06c7d36ec97a88db53ae5d6fe3787fadc943f0b0276b10347f89b363b2a82285f650bdcc135ad4a257c61bdd4d00d6df1fa24875b0ddaf
  languageName: node
  linkType: hard

"safe-buffer@npm:^5.1.0":
  version: 5.2.1
  resolution: "safe-buffer@npm:5.2.1"
  checksum: 10/32872cd0ff68a3ddade7a7617b8f4c2ae8764d8b7d884c651b74457967a9e0e886267d3ecc781220629c44a865167b61c375d2da6c720c840ecd73f45d5d9451
  languageName: node
  linkType: hard

"serialize-javascript@npm:^6.0.2":
  version: 6.0.2
  resolution: "serialize-javascript@npm:6.0.2"
  dependencies:
    randombytes: "npm:^2.1.0"
  checksum: 10/445a420a6fa2eaee4b70cbd884d538e259ab278200a2ededd73253ada17d5d48e91fb1f4cd224a236ab62ea7ba0a70c6af29fc93b4f3d3078bf7da1c031fde58
  languageName: node
  linkType: hard

"shebang-command@npm:^2.0.0":
  version: 2.0.0
  resolution: "shebang-command@npm:2.0.0"
  dependencies:
    shebang-regex: "npm:^3.0.0"
  checksum: 10/6b52fe87271c12968f6a054e60f6bde5f0f3d2db483a1e5c3e12d657c488a15474121a1d55cd958f6df026a54374ec38a4a963988c213b7570e1d51575cea7fa
  languageName: node
  linkType: hard

"shebang-regex@npm:^3.0.0":
  version: 3.0.0
  resolution: "shebang-regex@npm:3.0.0"
  checksum: 10/1a2bcae50de99034fcd92ad4212d8e01eedf52c7ec7830eedcf886622804fe36884278f2be8be0ea5fde3fd1c23911643a4e0f726c8685b61871c8908af01222
  languageName: node
  linkType: hard

"signal-exit@npm:^4.0.1":
  version: 4.1.0
  resolution: "signal-exit@npm:4.1.0"
  checksum: 10/c9fa63bbbd7431066174a48ba2dd9986dfd930c3a8b59de9c29d7b6854ec1c12a80d15310869ea5166d413b99f041bfa3dd80a7947bcd44ea8e6eb3ffeabfa1f
  languageName: node
  linkType: hard

"string-width-cjs@npm:string-width@^4.2.0, string-width@npm:^4.1.0, string-width@npm:^4.2.0, string-width@npm:^4.2.3":
  version: 4.2.3
  resolution: "string-width@npm:4.2.3"
  dependencies:
    emoji-regex: "npm:^8.0.0"
    is-fullwidth-code-point: "npm:^3.0.0"
    strip-ansi: "npm:^6.0.1"
  checksum: 10/e52c10dc3fbfcd6c3a15f159f54a90024241d0f149cf8aed2982a2d801d2e64df0bf1dc351cf8e95c3319323f9f220c16e740b06faecd53e2462df1d2b5443fb
  languageName: node
  linkType: hard

"string-width@npm:^5.0.1, string-width@npm:^5.1.2":
  version: 5.1.2
  resolution: "string-width@npm:5.1.2"
  dependencies:
    eastasianwidth: "npm:^0.2.0"
    emoji-regex: "npm:^9.2.2"
    strip-ansi: "npm:^7.0.1"
  checksum: 10/7369deaa29f21dda9a438686154b62c2c5f661f8dda60449088f9f980196f7908fc39fdd1803e3e01541970287cf5deae336798337e9319a7055af89dafa7193
  languageName: node
  linkType: hard

"strip-ansi-cjs@npm:strip-ansi@^6.0.1, strip-ansi@npm:^6.0.0, strip-ansi@npm:^6.0.1":
  version: 6.0.1
  resolution: "strip-ansi@npm:6.0.1"
  dependencies:
    ansi-regex: "npm:^5.0.1"
  checksum: 10/ae3b5436d34fadeb6096367626ce987057713c566e1e7768818797e00ac5d62023d0f198c4e681eae9e20701721980b26a64a8f5b91238869592a9c6800719a2
  languageName: node
  linkType: hard

"strip-ansi@npm:^7.0.1":
  version: 7.1.0
  resolution: "strip-ansi@npm:7.1.0"
  dependencies:
    ansi-regex: "npm:^6.0.1"
  checksum: 10/475f53e9c44375d6e72807284024ac5d668ee1d06010740dec0b9744f2ddf47de8d7151f80e5f6190fc8f384e802fdf9504b76a7e9020c9faee7103623338be2
  languageName: node
  linkType: hard

"strip-json-comments@npm:^3.1.1":
  version: 3.1.1
  resolution: "strip-json-comments@npm:3.1.1"
  checksum: 10/492f73e27268f9b1c122733f28ecb0e7e8d8a531a6662efbd08e22cccb3f9475e90a1b82cab06a392f6afae6d2de636f977e231296400d0ec5304ba70f166443
  languageName: node
  linkType: hard

"supports-color@npm:^7.1.0":
  version: 7.2.0
  resolution: "supports-color@npm:7.2.0"
  dependencies:
    has-flag: "npm:^4.0.0"
  checksum: 10/c8bb7afd564e3b26b50ca6ee47572c217526a1389fe018d00345856d4a9b08ffbd61fadaf283a87368d94c3dcdb8f5ffe2650a5a65863e21ad2730ca0f05210a
  languageName: node
  linkType: hard

"supports-color@npm:^8.1.1":
  version: 8.1.1
  resolution: "supports-color@npm:8.1.1"
  dependencies:
    has-flag: "npm:^4.0.0"
  checksum: 10/157b534df88e39c5518c5e78c35580c1eca848d7dbaf31bbe06cdfc048e22c7ff1a9d046ae17b25691128f631a51d9ec373c1b740c12ae4f0de6e292037e4282
  languageName: node
  linkType: hard

"ts-node@npm:^10.9.2":
  version: 10.9.2
  resolution: "ts-node@npm:10.9.2"
  dependencies:
    "@cspotcode/source-map-support": "npm:^0.8.0"
    "@tsconfig/node10": "npm:^1.0.7"
    "@tsconfig/node12": "npm:^1.0.7"
    "@tsconfig/node14": "npm:^1.0.0"
    "@tsconfig/node16": "npm:^1.0.2"
    acorn: "npm:^8.4.1"
    acorn-walk: "npm:^8.1.1"
    arg: "npm:^4.1.0"
    create-require: "npm:^1.1.0"
    diff: "npm:^4.0.1"
    make-error: "npm:^1.1.1"
    v8-compile-cache-lib: "npm:^3.0.1"
    yn: "npm:3.1.1"
  peerDependencies:
    "@swc/core": ">=1.2.50"
    "@swc/wasm": ">=1.2.50"
    "@types/node": "*"
    typescript: ">=2.7"
  peerDependenciesMeta:
    "@swc/core":
      optional: true
    "@swc/wasm":
      optional: true
  bin:
    ts-node: dist/bin.js
    ts-node-cwd: dist/bin-cwd.js
    ts-node-esm: dist/bin-esm.js
    ts-node-script: dist/bin-script.js
    ts-node-transpile-only: dist/bin-transpile.js
    ts-script: dist/bin-script-deprecated.js
  checksum: 10/a91a15b3c9f76ac462f006fa88b6bfa528130dcfb849dd7ef7f9d640832ab681e235b8a2bc58ecde42f72851cc1d5d4e22c901b0c11aa51001ea1d395074b794
  languageName: node
  linkType: hard

"typescript@npm:^5.8.3":
  version: 5.8.3
  resolution: "typescript@npm:5.8.3"
  bin:
    tsc: bin/tsc
    tsserver: bin/tsserver
  checksum: 10/65c40944c51b513b0172c6710ee62e951b70af6f75d5a5da745cb7fab132c09ae27ffdf7838996e3ed603bb015dadd099006658046941bd0ba30340cc563ae92
  languageName: node
  linkType: hard

"typescript@patch:typescript@npm%3A^5.8.3#optional!builtin<compat/typescript>":
  version: 5.8.3
  resolution: "typescript@patch:typescript@npm%3A5.8.3#optional!builtin<compat/typescript>::version=5.8.3&hash=5786d5"
  bin:
    tsc: bin/tsc
    tsserver: bin/tsserver
  checksum: 10/b9b1e73dabac5dc730c041325dbd9c99467c1b0d239f1b74ec3b90d831384af3e2ba973946232df670519147eb51a2c20f6f96163cea2b359f03de1e2091cc4f
  languageName: node
  linkType: hard

"undici-types@npm:~7.8.0":
  version: 7.8.0
  resolution: "undici-types@npm:7.8.0"
  checksum: 10/fcff3fbab234f067fbd69e374ee2c198ba74c364ceaf6d93db7ca267e784457b5518cd01d0d2329b075f412574205ea3172a9a675facb49b4c9efb7141cd80b7
  languageName: node
  linkType: hard

"v8-compile-cache-lib@npm:^3.0.1":
  version: 3.0.1
  resolution: "v8-compile-cache-lib@npm:3.0.1"
  checksum: 10/88d3423a52b6aaf1836be779cab12f7016d47ad8430dffba6edf766695e6d90ad4adaa3d8eeb512cc05924f3e246c4a4ca51e089dccf4402caa536b5e5be8961
  languageName: node
  linkType: hard

"which@npm:^2.0.1":
  version: 2.0.2
  resolution: "which@npm:2.0.2"
  dependencies:
    isexe: "npm:^2.0.0"
  bin:
    node-which: ./bin/node-which
  checksum: 10/4782f8a1d6b8fc12c65e968fea49f59752bf6302dc43036c3bf87da718a80710f61a062516e9764c70008b487929a73546125570acea95c5b5dcc8ac3052c70f
  languageName: node
  linkType: hard

"workerpool@npm:^9.2.0":
  version: 9.3.3
  resolution: "workerpool@npm:9.3.3"
  checksum: 10/8d7852c2a819f49952dd8dc71c7be7885762012d47c7dcf7b9c7751161c64b1e0714fc5d20e694cb26dbdca000ba0de688164d8a124afda26eefd5108845b656
  languageName: node
  linkType: hard

"wrap-ansi-cjs@npm:wrap-ansi@^7.0.0, wrap-ansi@npm:^7.0.0":
  version: 7.0.0
  resolution: "wrap-ansi@npm:7.0.0"
  dependencies:
    ansi-styles: "npm:^4.0.0"
    string-width: "npm:^4.1.0"
    strip-ansi: "npm:^6.0.0"
  checksum: 10/cebdaeca3a6880da410f75209e68cd05428580de5ad24535f22696d7d9cab134d1f8498599f344c3cf0fb37c1715807a183778d8c648d6cc0cb5ff2bb4236540
  languageName: node
  linkType: hard

"wrap-ansi@npm:^8.1.0":
  version: 8.1.0
  resolution: "wrap-ansi@npm:8.1.0"
  dependencies:
    ansi-styles: "npm:^6.1.0"
    string-width: "npm:^5.0.1"
    strip-ansi: "npm:^7.0.1"
  checksum: 10/7b1e4b35e9bb2312d2ee9ee7dc95b8cb5f8b4b5a89f7dde5543fe66c1e3715663094defa50d75454ac900bd210f702d575f15f3f17fa9ec0291806d2578d1ddf
  languageName: node
  linkType: hard

"y18n@npm:^5.0.5":
  version: 5.0.8
  resolution: "y18n@npm:5.0.8"
  checksum: 10/5f1b5f95e3775de4514edbb142398a2c37849ccfaf04a015be5d75521e9629d3be29bd4432d23c57f37e5b61ade592fb0197022e9993f81a06a5afbdcda9346d
  languageName: node
  linkType: hard

"yargs-parser@npm:^21.1.1":
  version: 21.1.1
  resolution: "yargs-parser@npm:21.1.1"
  checksum: 10/9dc2c217ea3bf8d858041252d43e074f7166b53f3d010a8c711275e09cd3d62a002969a39858b92bbda2a6a63a585c7127014534a560b9c69ed2d923d113406e
  languageName: node
  linkType: hard

"yargs-unparser@npm:^2.0.0":
  version: 2.0.0
  resolution: "yargs-unparser@npm:2.0.0"
  dependencies:
    camelcase: "npm:^6.0.0"
    decamelize: "npm:^4.0.0"
    flat: "npm:^5.0.2"
    is-plain-obj: "npm:^2.1.0"
  checksum: 10/68f9a542c6927c3768c2f16c28f71b19008710abd6b8f8efbac6dcce26bbb68ab6503bed1d5994bdbc2df9a5c87c161110c1dfe04c6a3fe5c6ad1b0e15d9a8a3
  languageName: node
  linkType: hard

"yargs@npm:^17.7.2":
  version: 17.7.2
  resolution: "yargs@npm:17.7.2"
  dependencies:
    cliui: "npm:^8.0.1"
    escalade: "npm:^3.1.1"
    get-caller-file: "npm:^2.0.5"
    require-directory: "npm:^2.1.1"
    string-width: "npm:^4.2.3"
    y18n: "npm:^5.0.5"
    yargs-parser: "npm:^21.1.1"
  checksum: 10/abb3e37678d6e38ea85485ed86ebe0d1e3464c640d7d9069805ea0da12f69d5a32df8e5625e370f9c96dd1c2dc088ab2d0a4dd32af18222ef3c4224a19471576
  languageName: node
  linkType: hard

"yn@npm:3.1.1":
  version: 3.1.1
  resolution: "yn@npm:3.1.1"
  checksum: 10/2c487b0e149e746ef48cda9f8bad10fc83693cd69d7f9dcd8be4214e985de33a29c9e24f3c0d6bcf2288427040a8947406ab27f7af67ee9456e6b84854f02dd6
  languageName: node
  linkType: hard

"yocto-queue@npm:^0.1.0":
  version: 0.1.0
  resolution: "yocto-queue@npm:0.1.0"
  checksum: 10/f77b3d8d00310def622123df93d4ee654fc6a0096182af8bd60679ddcdfb3474c56c6c7190817c84a2785648cdee9d721c0154eb45698c62176c322fb46fc700
  languageName: node
  linkType: hard
